{
  "name": "test",
  "version": "0.1.0",
  "lockfileVersion": 1,
  "requires": true,
  "dependencies": {
    "agent-base": {
      "version": "2.1.1",
      "resolved": "https://registry.npmjs.org/agent-base/-/agent-base-2.1.1.tgz",
      "integrity": "sha1-1t4Q1a9hMtW9aSQn1G/FOFOQlMc=",
      "requires": {
        "extend": "3.0.1",
        "semver": "5.0.3"
      }
    },
    "assertion-error": {
      "version": "1.0.0",
      "resolved": "https://registry.npmjs.org/assertion-error/-/assertion-error-1.0.0.tgz",
      "integrity": "sha1-x/hUOP3UZrx8oWq5DIFRN5el0js="
    },
    "ast-types": {
      "version": "0.11.1",
      "resolved": "https://registry.npmjs.org/ast-types/-/ast-types-0.11.1.tgz",
      "integrity": "sha512-BAlXqqeEhVEajhgz7rgerupI8sb695KpCaJ/w4Sb9s2LoUci8sSMhXw93Jp8MsOufWGJOY/P2jpUEVw4RlSzNw=="
    },
    "balanced-match": {
      "version": "1.0.0",
      "resolved": "https://registry.npmjs.org/balanced-match/-/balanced-match-1.0.0.tgz",
      "integrity": "sha1-ibTRmasr7kneFk6gK4nORi1xt2c="
    },
    "brace-expansion": {
      "version": "1.1.11",
      "resolved": "https://registry.npmjs.org/brace-expansion/-/brace-expansion-1.1.11.tgz",
      "integrity": "sha512-iCuPHDFgrHX7H2vEI/5xpz07zSHB00TpugqhmYtVmMO6518mCuRMoOYFldEBl0g187ufozdaHgWKcYFb61qGiA==",
      "requires": {
        "balanced-match": "1.0.0",
        "concat-map": "0.0.1"
      }
    },
    "browser-stdout": {
      "version": "1.3.0",
      "resolved": "https://registry.npmjs.org/browser-stdout/-/browser-stdout-1.3.0.tgz",
      "integrity": "sha1-81HTKWnTL6XXpVZxVCY9korjvR8="
    },
    "bytes": {
      "version": "3.0.0",
      "resolved": "https://registry.npmjs.org/bytes/-/bytes-3.0.0.tgz",
      "integrity": "sha1-0ygVQE1olpn4Wk6k+odV3ROpYEg="
    },
    "chai-nightwatch": {
      "version": "0.1.1",
      "resolved": "https://registry.npmjs.org/chai-nightwatch/-/chai-nightwatch-0.1.1.tgz",
      "integrity": "sha1-HKVt52jTwIaP5/wvTTLC/olOa+k=",
      "requires": {
        "assertion-error": "1.0.0",
        "deep-eql": "0.1.3"
      }
    },
    "co": {
      "version": "3.0.6",
      "resolved": "https://registry.npmjs.org/co/-/co-3.0.6.tgz",
      "integrity": "sha1-FEXyJsXrlWE45oyawwFn6n0ua9o="
    },
    "commander": {
      "version": "2.9.0",
      "resolved": "https://registry.npmjs.org/commander/-/commander-2.9.0.tgz",
      "integrity": "sha1-nJkJQXbhIkDLItbFFGCYQA/g99Q=",
      "requires": {
        "graceful-readlink": "1.0.1"
      }
    },
    "concat-map": {
      "version": "0.0.1",
      "resolved": "https://registry.npmjs.org/concat-map/-/concat-map-0.0.1.tgz",
      "integrity": "sha1-2Klr13/Wjfd5OnMDajug1UBdR3s="
    },
    "core-util-is": {
      "version": "1.0.2",
      "resolved": "https://registry.npmjs.org/core-util-is/-/core-util-is-1.0.2.tgz",
      "integrity": "sha1-tf1UIgqivFq1eqtxQMlAdUUDwac="
    },
    "data-uri-to-buffer": {
      "version": "1.2.0",
      "resolved": "https://registry.npmjs.org/data-uri-to-buffer/-/data-uri-to-buffer-1.2.0.tgz",
      "integrity": "sha512-vKQ9DTQPN1FLYiiEEOQ6IBGFqvjCa5rSK3cWMy/Nespm5d/x3dGFT9UBZnkLxCwua/IXBi2TYnwTEpsOvhC4UQ=="
    },
    "debug": {
      "version": "2.2.0",
      "resolved": "https://registry.npmjs.org/debug/-/debug-2.2.0.tgz",
      "integrity": "sha1-+HBX6ZWxofauaklgZkE3vFbwOdo=",
      "requires": {
        "ms": "0.7.1"
      }
    },
    "deep-eql": {
      "version": "0.1.3",
      "resolved": "https://registry.npmjs.org/deep-eql/-/deep-eql-0.1.3.tgz",
      "integrity": "sha1-71WKyrjeJSBs1xOQbXTlaTDrafI=",
      "requires": {
        "type-detect": "0.1.1"
      }
    },
    "deep-is": {
      "version": "0.1.3",
      "resolved": "https://registry.npmjs.org/deep-is/-/deep-is-0.1.3.tgz",
      "integrity": "sha1-s2nW+128E+7PUk+RsHD+7cNXzzQ="
    },
    "degenerator": {
      "version": "1.0.4",
      "resolved": "https://registry.npmjs.org/degenerator/-/degenerator-1.0.4.tgz",
      "integrity": "sha1-/PSQo37OJmRk2cxDGrmMWBnO0JU=",
      "requires": {
        "ast-types": "0.11.1",
        "escodegen": "1.9.0",
        "esprima": "3.1.3"
      }
    },
    "depd": {
      "version": "1.1.1",
      "resolved": "https://registry.npmjs.org/depd/-/depd-1.1.1.tgz",
      "integrity": "sha1-V4O04cRZ8G+lyif5kfPQbnoxA1k="
    },
    "diff": {
      "version": "1.4.0",
      "resolved": "https://registry.npmjs.org/diff/-/diff-1.4.0.tgz",
      "integrity": "sha1-fyjS657nsVqX79ic5j3P2qPMur8="
    },
    "ejs": {
      "version": "2.5.7",
      "resolved": "https://registry.npmjs.org/ejs/-/ejs-2.5.7.tgz",
      "integrity": "sha1-zIcsFoiArjxxiXYv1f/ACJbJUYo="
    },
    "escape-string-regexp": {
      "version": "1.0.5",
      "resolved": "https://registry.npmjs.org/escape-string-regexp/-/escape-string-regexp-1.0.5.tgz",
      "integrity": "sha1-G2HAViGQqN/2rjuyzwIAyhMLhtQ="
    },
    "escodegen": {
      "version": "1.9.0",
      "resolved": "https://registry.npmjs.org/escodegen/-/escodegen-1.9.0.tgz",
      "integrity": "sha512-v0MYvNQ32bzwoG2OSFzWAkuahDQHK92JBN0pTAALJ4RIxEZe766QJPDR8Hqy7XNUy5K3fnVL76OqYAdc4TZEIw==",
      "requires": {
        "esprima": "3.1.3",
        "estraverse": "4.2.0",
        "esutils": "2.0.2",
        "optionator": "0.8.2",
        "source-map": "0.5.7"
      }
    },
    "esprima": {
      "version": "3.1.3",
      "resolved": "https://registry.npmjs.org/esprima/-/esprima-3.1.3.tgz",
      "integrity": "sha1-/cpRzuYTOJXjyI1TXOSdv/YqRjM="
    },
    "estraverse": {
      "version": "4.2.0",
      "resolved": "https://registry.npmjs.org/estraverse/-/estraverse-4.2.0.tgz",
      "integrity": "sha1-De4/7TH81GlhjOc0IJn8GvoL2xM="
    },
    "esutils": {
      "version": "2.0.2",
      "resolved": "https://registry.npmjs.org/esutils/-/esutils-2.0.2.tgz",
      "integrity": "sha1-Cr9PHKpbyx96nYrMbepPqqBLrJs="
    },
    "extend": {
      "version": "3.0.1",
      "resolved": "https://registry.npmjs.org/extend/-/extend-3.0.1.tgz",
      "integrity": "sha1-p1Xqe8Gt/MWjHOfnYtuq3F5jZEQ="
    },
    "fast-levenshtein": {
      "version": "2.0.6",
      "resolved": "https://registry.npmjs.org/fast-levenshtein/-/fast-levenshtein-2.0.6.tgz",
      "integrity": "sha1-PYpcZog6FqMMqGQ+hR8Zuqd5eRc="
    },
    "file-uri-to-path": {
      "version": "1.0.0",
      "resolved": "https://registry.npmjs.org/file-uri-to-path/-/file-uri-to-path-1.0.0.tgz",
      "integrity": "sha512-0Zt+s3L7Vf1biwWZ29aARiVYLx7iMGnEUl9x33fbB/j3jR81u/O2LbqK+Bm1CDSNDKVtJ/YjwY7TUd5SkeLQLw=="
    },
    "fs.realpath": {
      "version": "1.0.0",
      "resolved": "https://registry.npmjs.org/fs.realpath/-/fs.realpath-1.0.0.tgz",
      "integrity": "sha1-FQStJSMVjKpA20onh8sBQRmU6k8="
    },
    "ftp": {
      "version": "0.3.10",
      "resolved": "https://registry.npmjs.org/ftp/-/ftp-0.3.10.tgz",
      "integrity": "sha1-kZfYYa2BQvPmPVqDv+TFn3MwiF0=",
      "requires": {
        "readable-stream": "1.1.14",
        "xregexp": "2.0.0"
      },
      "dependencies": {
        "readable-stream": {
          "version": "1.1.14",
          "resolved": "https://registry.npmjs.org/readable-stream/-/readable-stream-1.1.14.tgz",
          "integrity": "sha1-fPTFTvZI44EwhMY23SB54WbAgdk=",
          "requires": {
            "core-util-is": "1.0.2",
            "inherits": "2.0.3",
            "isarray": "0.0.1",
            "string_decoder": "0.10.31"
          }
        }
      }
    },
    "get-uri": {
      "version": "2.0.1",
      "resolved": "https://registry.npmjs.org/get-uri/-/get-uri-2.0.1.tgz",
      "integrity": "sha512-7aelVrYqCLuVjq2kEKRTH8fXPTC0xKTkM+G7UlFkEwCXY3sFbSxvY375JoFowOAYbkaU47SrBvOefUlLZZ+6QA==",
      "requires": {
        "data-uri-to-buffer": "1.2.0",
        "debug": "2.2.0",
        "extend": "3.0.1",
        "file-uri-to-path": "1.0.0",
        "ftp": "0.3.10",
        "readable-stream": "2.3.4"
      }
    },
    "glob": {
      "version": "7.0.5",
      "resolved": "https://registry.npmjs.org/glob/-/glob-7.0.5.tgz",
      "integrity": "sha1-tCAqaQmbu00pKnwblbZoK2fr3JU=",
      "requires": {
        "fs.realpath": "1.0.0",
        "inflight": "1.0.6",
        "inherits": "2.0.3",
        "minimatch": "3.0.3",
        "once": "1.4.0",
        "path-is-absolute": "1.0.1"
      }
    },
    "graceful-readlink": {
      "version": "1.0.1",
      "resolved": "https://registry.npmjs.org/graceful-readlink/-/graceful-readlink-1.0.1.tgz",
      "integrity": "sha1-TK+tdrxi8C+gObL5Tpo906ORpyU="
    },
    "growl": {
      "version": "1.9.2",
      "resolved": "https://registry.npmjs.org/growl/-/growl-1.9.2.tgz",
      "integrity": "sha1-Dqd0NxXbjY3ixe3hd14bRayFwC8="
    },
    "has-flag": {
      "version": "1.0.0",
      "resolved": "https://registry.npmjs.org/has-flag/-/has-flag-1.0.0.tgz",
      "integrity": "sha1-nZ55MWXOAXoA8AQYxD+UKnsdEfo="
    },
    "http-errors": {
      "version": "1.6.2",
      "resolved": "https://registry.npmjs.org/http-errors/-/http-errors-1.6.2.tgz",
      "integrity": "sha1-CgAsyFcHGSp+eUbO7cERVfYOxzY=",
      "requires": {
        "depd": "1.1.1",
        "inherits": "2.0.3",
        "setprototypeof": "1.0.3",
        "statuses": "1.4.0"
      }
    },
    "http-proxy-agent": {
      "version": "1.0.0",
      "resolved": "https://registry.npmjs.org/http-proxy-agent/-/http-proxy-agent-1.0.0.tgz",
      "integrity": "sha1-zBzjjkU7+YSg93AtLdWcc9CBKEo=",
      "requires": {
        "agent-base": "2.1.1",
        "debug": "2.2.0",
        "extend": "3.0.1"
      }
    },
    "https-proxy-agent": {
      "version": "1.0.0",
      "resolved": "https://registry.npmjs.org/https-proxy-agent/-/https-proxy-agent-1.0.0.tgz",
      "integrity": "sha1-NffabEjOTdv6JkiRrFk+5f+GceY=",
      "requires": {
        "agent-base": "2.1.1",
        "debug": "2.2.0",
        "extend": "3.0.1"
      }
    },
    "iconv-lite": {
      "version": "0.4.19",
      "resolved": "https://registry.npmjs.org/iconv-lite/-/iconv-lite-0.4.19.tgz",
      "integrity": "sha512-oTZqweIP51xaGPI4uPa56/Pri/480R+mo7SeU+YETByQNhDG55ycFyNLIgta9vXhILrxXDmF7ZGhqZIcuN0gJQ=="
    },
    "inflight": {
      "version": "1.0.6",
      "resolved": "https://registry.npmjs.org/inflight/-/inflight-1.0.6.tgz",
      "integrity": "sha1-Sb1jMdfQLQwJvJEKEHW6gWW1bfk=",
      "requires": {
        "once": "1.4.0",
        "wrappy": "1.0.2"
      }
    },
    "inherits": {
      "version": "2.0.3",
      "resolved": "https://registry.npmjs.org/inherits/-/inherits-2.0.3.tgz",
      "integrity": "sha1-Yzwsg+PaQqUC9SRmAiSA9CCCYd4="
    },
    "ip": {
      "version": "1.0.1",
      "resolved": "https://registry.npmjs.org/ip/-/ip-1.0.1.tgz",
      "integrity": "sha1-x+NWzeoiWucbNtcPLnGpK6TkJZA="
    },
    "isarray": {
      "version": "0.0.1",
      "resolved": "https://registry.npmjs.org/isarray/-/isarray-0.0.1.tgz",
      "integrity": "sha1-ihis/Kmo9Bd+Cav8YDiTmwXR7t8="
    },
    "json3": {
      "version": "3.3.2",
      "resolved": "https://registry.npmjs.org/json3/-/json3-3.3.2.tgz",
      "integrity": "sha1-PAQ0dD35Pi9cQq7nsZvLSDV19OE="
    },
    "levn": {
      "version": "0.3.0",
      "resolved": "https://registry.npmjs.org/levn/-/levn-0.3.0.tgz",
      "integrity": "sha1-OwmSTt+fCDwEkP3UwLxEIeBHZO4=",
      "requires": {
        "prelude-ls": "1.1.2",
        "type-check": "0.3.2"
      }
    },
    "lodash._arraycopy": {
      "version": "3.0.0",
      "resolved": "https://registry.npmjs.org/lodash._arraycopy/-/lodash._arraycopy-3.0.0.tgz",
      "integrity": "sha1-due3wfH7klRzdIeKVi7Qaj5Q9uE="
    },
    "lodash._arrayeach": {
      "version": "3.0.0",
      "resolved": "https://registry.npmjs.org/lodash._arrayeach/-/lodash._arrayeach-3.0.0.tgz",
      "integrity": "sha1-urFWsqkNPxu9XGU0AzSeXlkz754="
    },
    "lodash._baseassign": {
      "version": "3.2.0",
      "resolved": "https://registry.npmjs.org/lodash._baseassign/-/lodash._baseassign-3.2.0.tgz",
      "integrity": "sha1-jDigmVAPIVrQnlnxci/QxSv+Ck4=",
      "requires": {
        "lodash._basecopy": "3.0.1",
        "lodash.keys": "3.1.2"
      }
    },
    "lodash._baseclone": {
      "version": "3.3.0",
      "resolved": "https://registry.npmjs.org/lodash._baseclone/-/lodash._baseclone-3.3.0.tgz",
      "integrity": "sha1-MDUZv2OT/n5C802LYw73eU41Qrc=",
      "requires": {
        "lodash._arraycopy": "3.0.0",
        "lodash._arrayeach": "3.0.0",
        "lodash._baseassign": "3.2.0",
        "lodash._basefor": "3.0.3",
        "lodash.isarray": "3.0.4",
        "lodash.keys": "3.1.2"
      }
    },
    "lodash._basecopy": {
      "version": "3.0.1",
      "resolved": "https://registry.npmjs.org/lodash._basecopy/-/lodash._basecopy-3.0.1.tgz",
      "integrity": "sha1-jaDmqHbPNEwK2KVIghEd08XHyjY="
    },
    "lodash._basecreate": {
      "version": "3.0.3",
      "resolved": "https://registry.npmjs.org/lodash._basecreate/-/lodash._basecreate-3.0.3.tgz",
      "integrity": "sha1-G8ZhYU2qf8MRt9A78WgGoCE8+CE="
    },
    "lodash._basefor": {
      "version": "3.0.3",
      "resolved": "https://registry.npmjs.org/lodash._basefor/-/lodash._basefor-3.0.3.tgz",
      "integrity": "sha1-dVC06SGO8J+tJDQ7YSAhx5tMIMI="
    },
    "lodash._bindcallback": {
      "version": "3.0.1",
      "resolved": "https://registry.npmjs.org/lodash._bindcallback/-/lodash._bindcallback-3.0.1.tgz",
      "integrity": "sha1-5THCdkTPi1epnhftlbNcdIeJOS4="
    },
    "lodash._getnative": {
      "version": "3.9.1",
      "resolved": "https://registry.npmjs.org/lodash._getnative/-/lodash._getnative-3.9.1.tgz",
      "integrity": "sha1-VwvH3t5G1hzc3mh9ZdPuy6o6r/U="
    },
    "lodash._isiterateecall": {
      "version": "3.0.9",
      "resolved": "https://registry.npmjs.org/lodash._isiterateecall/-/lodash._isiterateecall-3.0.9.tgz",
      "integrity": "sha1-UgOte6Ql+uhCRg5pbbnPPmqsBXw="
    },
    "lodash._stack": {
      "version": "4.1.3",
      "resolved": "https://registry.npmjs.org/lodash._stack/-/lodash._stack-4.1.3.tgz",
      "integrity": "sha1-dRqnbBuWSwR+dtFPxyoJP8teLdA="
    },
    "lodash.clone": {
      "version": "3.0.3",
      "resolved": "https://registry.npmjs.org/lodash.clone/-/lodash.clone-3.0.3.tgz",
      "integrity": "sha1-hGiMc9MrWpDKJWFpY/GJJSqZcEM=",
      "requires": {
        "lodash._baseclone": "3.3.0",
        "lodash._bindcallback": "3.0.1",
        "lodash._isiterateecall": "3.0.9"
      }
    },
    "lodash.create": {
      "version": "3.1.1",
      "resolved": "https://registry.npmjs.org/lodash.create/-/lodash.create-3.1.1.tgz",
      "integrity": "sha1-1/KEnw29p+BGgruM1yqwIkYd6+c=",
      "requires": {
        "lodash._baseassign": "3.2.0",
        "lodash._basecreate": "3.0.3",
        "lodash._isiterateecall": "3.0.9"
      }
    },
    "lodash.defaultsdeep": {
      "version": "4.3.2",
      "resolved": "https://registry.npmjs.org/lodash.defaultsdeep/-/lodash.defaultsdeep-4.3.2.tgz",
      "integrity": "sha1-bBpYbmxWR7DmTi15gUG4g2FYvoo=",
      "requires": {
        "lodash._baseclone": "4.5.7",
        "lodash._stack": "4.1.3",
        "lodash.isplainobject": "4.0.6",
        "lodash.keysin": "4.2.0",
        "lodash.mergewith": "4.6.1",
        "lodash.rest": "4.0.5"
      },
      "dependencies": {
        "lodash._baseclone": {
          "version": "4.5.7",
          "resolved": "https://registry.npmjs.org/lodash._baseclone/-/lodash._baseclone-4.5.7.tgz",
          "integrity": "sha1-zkKt4IOE711i+nfDD2GkbmhvhDQ="
        }
      }
    },
    "lodash.isarguments": {
      "version": "3.1.0",
      "resolved": "https://registry.npmjs.org/lodash.isarguments/-/lodash.isarguments-3.1.0.tgz",
      "integrity": "sha1-L1c9hcaiQon/AGY7SRwdM4/zRYo="
    },
    "lodash.isarray": {
      "version": "3.0.4",
      "resolved": "https://registry.npmjs.org/lodash.isarray/-/lodash.isarray-3.0.4.tgz",
      "integrity": "sha1-eeTriMNqgSKvhvhEqpvNhRtfu1U="
    },
    "lodash.isplainobject": {
      "version": "4.0.6",
      "resolved": "https://registry.npmjs.org/lodash.isplainobject/-/lodash.isplainobject-4.0.6.tgz",
      "integrity": "sha1-fFJqUtibRcRcxpC4gWO+BJf1UMs="
    },
    "lodash.keys": {
      "version": "3.1.2",
      "resolved": "https://registry.npmjs.org/lodash.keys/-/lodash.keys-3.1.2.tgz",
      "integrity": "sha1-TbwEcrFWvlCgsoaFXRvQsMZWCYo=",
      "requires": {
        "lodash._getnative": "3.9.1",
        "lodash.isarguments": "3.1.0",
        "lodash.isarray": "3.0.4"
      }
    },
    "lodash.keysin": {
      "version": "4.2.0",
      "resolved": "https://registry.npmjs.org/lodash.keysin/-/lodash.keysin-4.2.0.tgz",
      "integrity": "sha1-jMP7NcLZSsxEOhhj4C+kB5nqbyg="
    },
    "lodash.mergewith": {
      "version": "4.6.1",
      "resolved": "https://registry.npmjs.org/lodash.mergewith/-/lodash.mergewith-4.6.1.tgz",
      "integrity": "sha512-eWw5r+PYICtEBgrBE5hhlT6aAa75f411bgDz/ZL2KZqYV03USvucsxcHUIlGTDTECs1eunpI7HOV7U+WLDvNdQ=="
    },
    "lodash.rest": {
      "version": "4.0.5",
      "resolved": "https://registry.npmjs.org/lodash.rest/-/lodash.rest-4.0.5.tgz",
      "integrity": "sha1-lU73UEkmIDjJbR/Jiyj9r58Hcqo="
    },
    "lru-cache": {
      "version": "2.6.5",
      "resolved": "https://registry.npmjs.org/lru-cache/-/lru-cache-2.6.5.tgz",
      "integrity": "sha1-5W1jVBSO3o13B7WNFDIg/QjfD9U="
    },
    "minimatch": {
      "version": "3.0.3",
      "resolved": "https://registry.npmjs.org/minimatch/-/minimatch-3.0.3.tgz",
      "integrity": "sha1-Kk5AkLlrLbBqnX3wEFWmKnfJt3Q=",
      "requires": {
        "brace-expansion": "1.1.11"
      }
    },
    "minimist": {
      "version": "0.0.8",
      "resolved": "https://registry.npmjs.org/minimist/-/minimist-0.0.8.tgz",
      "integrity": "sha1-hX/Kv8M5fSYluCKCYuhqp6ARsF0="
    },
    "mkdirp": {
      "version": "0.5.1",
      "resolved": "https://registry.npmjs.org/mkdirp/-/mkdirp-0.5.1.tgz",
      "integrity": "sha1-MAV0OOrGz3+MR2fzhkjWaX11yQM=",
      "requires": {
        "minimist": "0.0.8"
      }
    },
    "mkpath": {
      "version": "1.0.0",
      "resolved": "https://registry.npmjs.org/mkpath/-/mkpath-1.0.0.tgz",
      "integrity": "sha1-67Opd+evHGg65v2hK1Raa6bFhT0="
    },
    "mocha-nightwatch": {
      "version": "3.2.2",
      "resolved": "https://registry.npmjs.org/mocha-nightwatch/-/mocha-nightwatch-3.2.2.tgz",
      "integrity": "sha1-kby5s73gV912d8eBJeSR5Y1mZHw=",
      "requires": {
        "browser-stdout": "1.3.0",
        "commander": "2.9.0",
        "debug": "2.2.0",
        "diff": "1.4.0",
        "escape-string-regexp": "1.0.5",
        "glob": "7.0.5",
        "growl": "1.9.2",
        "json3": "3.3.2",
        "lodash.create": "3.1.1",
        "mkdirp": "0.5.1",
        "supports-color": "3.1.2"
      }
    },
    "ms": {
      "version": "0.7.1",
      "resolved": "https://registry.npmjs.org/ms/-/ms-0.7.1.tgz",
      "integrity": "sha1-nNE8A62/8ltl7/3nzoZO6VIBcJg="
    },
    "netmask": {
      "version": "1.0.6",
      "resolved": "https://registry.npmjs.org/netmask/-/netmask-1.0.6.tgz",
      "integrity": "sha1-ICl+idhvb2QA8lDZ9Pa0wZRfzTU="
    },
    "nightwatch": {
      "version": "0.9.19",
      "resolved": "https://registry.npmjs.org/nightwatch/-/nightwatch-0.9.19.tgz",
      "integrity": "sha1-S9l1cnPTC4RfBIR6mLcb6bt8Szs=",
      "requires": {
        "chai-nightwatch": "0.1.1",
        "ejs": "2.5.7",
        "lodash.clone": "3.0.3",
        "lodash.defaultsdeep": "4.3.2",
        "minimatch": "3.0.3",
        "mkpath": "1.0.0",
        "mocha-nightwatch": "3.2.2",
        "optimist": "0.6.1",
        "proxy-agent": "2.0.0",
        "q": "1.4.1"
      }
    },
    "once": {
      "version": "1.4.0",
      "resolved": "https://registry.npmjs.org/once/-/once-1.4.0.tgz",
      "integrity": "sha1-WDsap3WWHUsROsF9nFC6753Xa9E=",
      "requires": {
        "wrappy": "1.0.2"
      }
    },
    "optimist": {
      "version": "0.6.1",
      "resolved": "https://registry.npmjs.org/optimist/-/optimist-0.6.1.tgz",
      "integrity": "sha1-2j6nRob6IaGaERwybpDrFaAZZoY=",
      "requires": {
        "minimist": "0.0.8",
        "wordwrap": "0.0.3"
      }
    },
    "optionator": {
      "version": "0.8.2",
      "resolved": "https://registry.npmjs.org/optionator/-/optionator-0.8.2.tgz",
      "integrity": "sha1-NkxeQJ0/TWMB1sC0wFu6UBgK62Q=",
      "requires": {
        "deep-is": "0.1.3",
        "fast-levenshtein": "2.0.6",
        "levn": "0.3.0",
        "prelude-ls": "1.1.2",
        "type-check": "0.3.2",
        "wordwrap": "1.0.0"
      },
      "dependencies": {
        "wordwrap": {
          "version": "1.0.0",
          "resolved": "https://registry.npmjs.org/wordwrap/-/wordwrap-1.0.0.tgz",
          "integrity": "sha1-J1hIEIkUVqQXHI0CJkQa3pDLyus="
        }
      }
    },
    "pac-proxy-agent": {
      "version": "1.1.0",
      "resolved": "https://registry.npmjs.org/pac-proxy-agent/-/pac-proxy-agent-1.1.0.tgz",
      "integrity": "sha512-QBELCWyLYPgE2Gj+4wUEiMscHrQ8nRPBzYItQNOHWavwBt25ohZHQC4qnd5IszdVVrFbLsQ+dPkm6eqdjJAmwQ==",
      "requires": {
        "agent-base": "2.1.1",
        "debug": "2.2.0",
        "extend": "3.0.1",
        "get-uri": "2.0.1",
        "http-proxy-agent": "1.0.0",
        "https-proxy-agent": "1.0.0",
        "pac-resolver": "2.0.0",
        "raw-body": "2.3.2",
        "socks-proxy-agent": "2.1.1"
      }
    },
    "pac-resolver": {
      "version": "2.0.0",
      "resolved": "https://registry.npmjs.org/pac-resolver/-/pac-resolver-2.0.0.tgz",
      "integrity": "sha1-mbiNLxk/ve78HJpSnB8yYKtSd80=",
      "requires": {
        "co": "3.0.6",
        "degenerator": "1.0.4",
        "ip": "1.0.1",
        "netmask": "1.0.6",
        "thunkify": "2.1.2"
      }
    },
    "path-is-absolute": {
      "version": "1.0.1",
      "resolved": "https://registry.npmjs.org/path-is-absolute/-/path-is-absolute-1.0.1.tgz",
      "integrity": "sha1-F0uSaHNVNP+8es5r9TpanhtcX18="
    },
    "prelude-ls": {
      "version": "1.1.2",
      "resolved": "https://registry.npmjs.org/prelude-ls/-/prelude-ls-1.1.2.tgz",
      "integrity": "sha1-IZMqVJ9eUv/ZqCf1cOBL5iqX2lQ="
    },
    "process-nextick-args": {
      "version": "2.0.0",
      "resolved": "https://registry.npmjs.org/process-nextick-args/-/process-nextick-args-2.0.0.tgz",
      "integrity": "sha512-MtEC1TqN0EU5nephaJ4rAtThHtC86dNN9qCuEhtshvpVBkAW5ZO7BASN9REnF9eoXGcRub+pFuKEpOHE+HbEMw=="
    },
    "proxy-agent": {
      "version": "2.0.0",
      "resolved": "https://registry.npmjs.org/proxy-agent/-/proxy-agent-2.0.0.tgz",
      "integrity": "sha1-V+tTR6qAXXTsaByyVknbo5yTNJk=",
      "requires": {
        "agent-base": "2.1.1",
        "debug": "2.2.0",
        "extend": "3.0.1",
        "http-proxy-agent": "1.0.0",
        "https-proxy-agent": "1.0.0",
        "lru-cache": "2.6.5",
        "pac-proxy-agent": "1.1.0",
        "socks-proxy-agent": "2.1.1"
      }
    },
    "q": {
      "version": "1.4.1",
      "resolved": "https://registry.npmjs.org/q/-/q-1.4.1.tgz",
      "integrity": "sha1-VXBbzZPF82c1MMLCy8DCs63cKG4="
    },
    "raw-body": {
      "version": "2.3.2",
      "resolved": "https://registry.npmjs.org/raw-body/-/raw-body-2.3.2.tgz",
      "integrity": "sha1-vNYMd9Prk83gBQKVw/N5OJvIj4k=",
      "requires": {
        "bytes": "3.0.0",
        "http-errors": "1.6.2",
        "iconv-lite": "0.4.19",
        "unpipe": "1.0.0"
      }
    },
    "readable-stream": {
      "version": "2.3.4",
      "resolved": "https://registry.npmjs.org/readable-stream/-/readable-stream-2.3.4.tgz",
      "integrity": "sha512-vuYxeWYM+fde14+rajzqgeohAI7YoJcHE7kXDAc4Nk0EbuKnJfqtY9YtRkLo/tqkuF7MsBQRhPnPeyjYITp3ZQ==",
      "requires": {
        "core-util-is": "1.0.2",
        "inherits": "2.0.3",
        "isarray": "1.0.0",
        "process-nextick-args": "2.0.0",
        "safe-buffer": "5.1.1",
        "string_decoder": "1.0.3",
        "util-deprecate": "1.0.2"
      },
      "dependencies": {
        "isarray": {
          "version": "1.0.0",
          "resolved": "https://registry.npmjs.org/isarray/-/isarray-1.0.0.tgz",
          "integrity": "sha1-u5NdSFgsuhaMBoNJV6VKPgcSTxE="
        },
        "string_decoder": {
          "version": "1.0.3",
          "resolved": "https://registry.npmjs.org/string_decoder/-/string_decoder-1.0.3.tgz",
          "integrity": "sha512-4AH6Z5fzNNBcH+6XDMfA/BTt87skxqJlO0lAh3Dker5zThcAxG6mKz+iGu308UKoPPQ8Dcqx/4JhujzltRa+hQ==",
          "requires": {
            "safe-buffer": "5.1.1"
          }
        }
      }
    },
    "safe-buffer": {
      "version": "5.1.1",
      "resolved": "https://registry.npmjs.org/safe-buffer/-/safe-buffer-5.1.1.tgz",
      "integrity": "sha512-kKvNJn6Mm93gAczWVJg7wH+wGYWNrDHdWvpUmHyEsgCtIwwo3bqPtV4tR5tuPaUhTOo/kvhVwd8XwwOllGYkbg=="
    },
    "semver": {
      "version": "5.0.3",
      "resolved": "https://registry.npmjs.org/semver/-/semver-5.0.3.tgz",
      "integrity": "sha1-d0Zt5YnNXTyV8TiqeLxWmjy10no="
    },
    "setprototypeof": {
      "version": "1.0.3",
      "resolved": "https://registry.npmjs.org/setprototypeof/-/setprototypeof-1.0.3.tgz",
      "integrity": "sha1-ZlZ+NwQ+608E2RvWWMDL77VbjgQ="
    },
    "smart-buffer": {
      "version": "1.1.15",
      "resolved": "https://registry.npmjs.org/smart-buffer/-/smart-buffer-1.1.15.tgz",
      "integrity": "sha1-fxFLW2X6s+KjWqd1uxLw0cZJvxY="
    },
    "socks": {
      "version": "1.1.10",
      "resolved": "https://registry.npmjs.org/socks/-/socks-1.1.10.tgz",
      "integrity": "sha1-W4t/x8jzQcU+0FbpKbe/Tei6e1o=",
      "requires": {
        "ip": "1.1.5",
        "smart-buffer": "1.1.15"
      },
      "dependencies": {
        "ip": {
          "version": "1.1.5",
          "resolved": "https://registry.npmjs.org/ip/-/ip-1.1.5.tgz",
          "integrity": "sha1-vd7XARQpCCjAoDnnLvJfWq7ENUo="
        }
      }
    },
    "socks-proxy-agent": {
      "version": "2.1.1",
      "resolved": "https://registry.npmjs.org/socks-proxy-agent/-/socks-proxy-agent-2.1.1.tgz",
      "integrity": "sha512-sFtmYqdUK5dAMh85H0LEVFUCO7OhJJe1/z2x/Z6mxp3s7/QPf1RkZmpZy+BpuU0bEjcV9npqKjq9Y3kwFUjnxw==",
      "requires": {
        "agent-base": "2.1.1",
        "extend": "3.0.1",
        "socks": "1.1.10"
      }
    },
    "source-map": {
      "version": "0.5.7",
      "resolved": "https://registry.npmjs.org/source-map/-/source-map-0.5.7.tgz",
      "integrity": "sha1-igOdLRAh0i0eoUyA2OpGi6LvP8w=",
      "optional": true
    },
    "statuses": {
      "version": "1.4.0",
      "resolved": "https://registry.npmjs.org/statuses/-/statuses-1.4.0.tgz",
      "integrity": "sha512-zhSCtt8v2NDrRlPQpCNtw/heZLtfUDqxBM1udqikb/Hbk52LK4nQSwr10u77iopCW5LsyHpuXS0GnEc48mLeew=="
    },
    "string_decoder": {
      "version": "0.10.31",
      "resolved": "https://registry.npmjs.org/string_decoder/-/string_decoder-0.10.31.tgz",
      "integrity": "sha1-YuIDvEF2bGwoyfyEMB2rHFMQ+pQ="
    },
    "supports-color": {
      "version": "3.1.2",
      "resolved": "https://registry.npmjs.org/supports-color/-/supports-color-3.1.2.tgz",
      "integrity": "sha1-cqJiiU2dQIuVbKBf83su2KbiotU=",
      "requires": {
        "has-flag": "1.0.0"
      }
    },
    "thunkify": {
      "version": "2.1.2",
      "resolved": "https://registry.npmjs.org/thunkify/-/thunkify-2.1.2.tgz",
      "integrity": "sha1-+qDp0jDFGsyVyhOjYawFyn4EVT0="
    },
    "type-check": {
      "version": "0.3.2",
      "resolved": "https://registry.npmjs.org/type-check/-/type-check-0.3.2.tgz",
      "integrity": "sha1-WITKtRLPHTVeP7eE8wgEsrUg23I=",
      "requires": {
        "prelude-ls": "1.1.2"
      }
    },
    "type-detect": {
      "version": "0.1.1",
      "resolved": "https://registry.npmjs.org/type-detect/-/type-detect-0.1.1.tgz",
      "integrity": "sha1-C6XsKohWQORw6k6FBZcZANrFiCI="
    },
    "unpipe": {
      "version": "1.0.0",
      "resolved": "https://registry.npmjs.org/unpipe/-/unpipe-1.0.0.tgz",
      "integrity": "sha1-sr9O6FFKrmFltIF4KdIbLvSZBOw="
    },
    "util-deprecate": {
      "version": "1.0.2",
      "resolved": "https://registry.npmjs.org/util-deprecate/-/util-deprecate-1.0.2.tgz",
      "integrity": "sha1-RQ1Nyfpw3nMnYvvS1KKJgUGaDM8="
    },
    "wordwrap": {
      "version": "0.0.3",
      "resolved": "https://registry.npmjs.org/wordwrap/-/wordwrap-0.0.3.tgz",
      "integrity": "sha1-o9XabNXAvAAI03I0u68b7WMFkQc="
    },
    "wrappy": {
      "version": "1.0.2",
      "resolved": "https://registry.npmjs.org/wrappy/-/wrappy-1.0.2.tgz",
      "integrity": "sha1-tSQ9jz7BqjXxNkYFvA0QNuMKtp8="
    },
    "xregexp": {
      "version": "2.0.0",
      "resolved": "https://registry.npmjs.org/xregexp/-/xregexp-2.0.0.tgz",
      "integrity": "sha1-UqY+VsoLhKfzpfPWGHLxJq16WUM="
    }
  }
}
